<?xml version="1.0" encoding="utf-8"?>
<Project ToolsVersion="4.0" xmlns="http://schemas.microsoft.com/developer/msbuild/2003">
  <ItemGroup>
    <Filter Include="Source Files">
      <Extensions>cpp;c;cxx;def;odl;idl;hpj;bat;asm</Extensions>
    </Filter>
    <Filter Include="Header Files">
      <Extensions>h;hpp;hxx;hm;inl;inc</Extensions>
    </Filter>
    <Filter Include="Resource Files">
      <Extensions>rc;ico;cur;bmp;dlg;rc2;rct;bin;rgs;gif;jpg;jpeg;jpe</Extensions>
    </Filter>
  </ItemGroup>
  <ItemGroup>
    <ClCompile Include="MQMyUI.cpp">
      <Filter>Source Files</Filter>
    </ClCompile>
    <ClCompile Include="Core\SettingsStore.cpp">
      <Filter>Source Files</Filter>
    </ClCompile>
    <ClCompile Include="Core\ThemeManager.cpp">
      <Filter>Source Files</Filter>
    </ClCompile>
    <ClCompile Include="Core\CharData.cpp">
      <Filter>Source Files</Filter>
    </ClCompile>
    <ClCompile Include="Core\ChatBridge.cpp">
      <Filter>Source Files</Filter>
    </ClCompile>
    <ClCompile Include="Core\ModuleManager.cpp">
      <Filter>Source Files</Filter>
    </ClCompile>
    <ClCompile Include="Modules\PlayerModule.cpp">
      <Filter>Source Files</Filter>
    </ClCompile>
    <ClCompile Include="Modules\HudModule.cpp">
      <Filter>Source Files</Filter>
    </ClCompile>
    <ClCompile Include="Modules\BuffsModule.cpp">
      <Filter>Source Files</Filter>
    </ClCompile>
    <ClCompile Include="Modules\CastingModule.cpp">
      <Filter>Source Files</Filter>
    </ClCompile>
    <ClCompile Include="Core\IconHelper.cpp">
      <Filter>Source Files</Filter>
    </ClCompile>
    <ClCompile Include="Modules\PetModule.cpp">
      <Filter>Source Files</Filter>
    </ClCompile>
    <ClCompile Include="Modules\SongsModule.cpp">
      <Filter>Source Files</Filter>
    </ClCompile>
    <ClCompile Include="Modules\SpellPicker.cpp">
      <Filter>Source Files</Filter>
    </ClCompile>
    <ClCompile Include="Modules\SpellsModule.cpp">
      <Filter>Source Files</Filter>
    </ClCompile>
    <ClCompile Include="Core\ActorManager.cpp">
      <Filter>Source Files</Filter>
    </ClCompile>
    <ClCompile Include="Modules\GroupModule.cpp">
      <Filter>Source Files</Filter>
    </ClCompile>
    <ClCompile Include="Modules\XpBarsModule.cpp">
      <Filter>Source Files</Filter>
    </ClCompile>
    <ClCompile Include="Modules\MyAAModule.cpp">
      <Filter>Source Files</Filter>
    </ClCompile>
    <ClCompile Include="Modules\ThemeZModule.cpp">
      <Filter>Source Files</Filter>
    </ClCompile>
    <ClCompile Include="Modules\SettingsModule.cpp">
      <Filter>Source Files</Filter>
    </ClCompile>
    <ClCompile Include="Modules\CopyModule.cpp">
      <Filter>Source Files</Filter>
    </ClCompile>
    <ClCompile Include="Core\UiConfig.cpp">
      <Filter>Source Files</Filter>
    </ClCompile>
    <ClCompile Include="Core\Widgets.cpp">
      <Filter>Source Files</Filter>
    </ClCompile>
    <ClCompile Include="Core\BarEngine.cpp">
      <Filter>Source Files</Filter>
    </ClCompile>
    <ClCompile Include="Core\Actions.cpp">
      <Filter>Source Files</Filter>
    </ClCompile>
    <ClCompile Include="Core\HotkeyCombo.cpp">
      <Filter>Source Files</Filter>
    </ClCompile>
    <ClCompile Include="Core\AAData.cpp">
      <Filter>Source Files</Filter>
    </ClCompile>
    <ClCompile Include="Core\SpellInfo.cpp">
      <Filter>Source Files</Filter>
    </ClCompile>
    <ClCompile Include="Core\InventoryData.cpp">
      <Filter>Source Files</Filter>
    </ClCompile>
    <ClCompile Include="Modules\MyInventoryModule.cpp">
      <Filter>Source Files</Filter>
    </ClCompile>
    <ClCompile Include="Modules\BigBagModule.cpp">
      <Filter>Source Files</Filter>
    </ClCompile>
    <ClCompile Include="Modules\ITrackModule.cpp">
      <Filter>Source Files</Filter>
    </ClCompile>
    <ClCompile Include="Modules\ToolbarModule.cpp">
      <Filter>Source Files</Filter>
    </ClCompile>
    <ClCompile Include="Proto\myui.pb.cc">
      <Filter>Source Files</Filter>
    </ClCompile>
  </ItemGroup>
  <ItemGroup>
    <ClInclude Include="resource.h">
      <Filter>Header Files</Filter>
    </ClInclude>
    <ClInclude Include="Core\ModuleBase.h">
      <Filter>Header Files</Filter>
    </ClInclude>
    <ClInclude Include="Core\ColorUtil.h">
      <Filter>Header Files</Filter>
    </ClInclude>
    <ClInclude Include="Core\SettingsStore.h">
      <Filter>Header Files</Filter>
    </ClInclude>
    <ClInclude Include="Core\ThemeManager.h">
      <Filter>Header Files</Filter>
    </ClInclude>
    <ClInclude Include="Core\CharData.h">
      <Filter>Header Files</Filter>
    </ClInclude>
    <ClInclude Include="Core\ChatBridge.h">
      <Filter>Header Files</Filter>
    </ClInclude>
    <ClInclude Include="Core\ModuleManager.h">
      <Filter>Header Files</Filter>
    </ClInclude>
    <ClInclude Include="Modules\PlayerModule.h">
      <Filter>Header Files</Filter>
    </ClInclude>
    <ClInclude Include="Modules\HudModule.h">
      <Filter>Header Files</Filter>
    </ClInclude>
    <ClInclude Include="Modules\BuffsModule.h">
      <Filter>Header Files</Filter>
    </ClInclude>
    <ClInclude Include="Modules\CastingModule.h">
      <Filter>Header Files</Filter>
    </ClInclude>
    <ClInclude Include="Core\IconHelper.h">
      <Filter>Header Files</Filter>
    </ClInclude>
    <ClInclude Include="Modules\PetModule.h">
      <Filter>Header Files</Filter>
    </ClInclude>
    <ClInclude Include="Modules\SongsModule.h">
      <Filter>Header Files</Filter>
    </ClInclude>
    <ClInclude Include="Modules\SpellPicker.h">
      <Filter>Header Files</Filter>
    </ClInclude>
    <ClInclude Include="Modules\SpellsModule.h">
      <Filter>Header Files</Filter>
    </ClInclude>
    <ClInclude Include="Core\PeerData.h">
      <Filter>Header Files</Filter>
    </ClInclude>
    <ClInclude Include="Core\ActorManager.h">
      <Filter>Header Files</Filter>
    </ClInclude>
    <ClInclude Include="Modules\GroupModule.h">
      <Filter>Header Files</Filter>
    </ClInclude>
    <ClInclude Include="Modules\XpBarsModule.h">
      <Filter>Header Files</Filter>
    </ClInclude>
    <ClInclude Include="Modules\MyAAModule.h">
      <Filter>Header Files</Filter>
    </ClInclude>
    <ClInclude Include="Modules\ThemeZModule.h">
      <Filter>Header Files</Filter>
    </ClInclude>
    <ClInclude Include="Modules\SettingsModule.h">
      <Filter>Header Files</Filter>
    </ClInclude>
    <ClInclude Include="Modules\CopyModule.h">
      <Filter>Header Files</Filter>
    </ClInclude>
    <ClInclude Include="Core\UiConfig.h">
      <Filter>Header Files</Filter>
    </ClInclude>
    <ClInclude Include="Core\Widgets.h">
      <Filter>Header Files</Filter>
    </ClInclude>
    <ClInclude Include="Core\BarEngine.h">
      <Filter>Header Files</Filter>
    </ClInclude>
    <ClInclude Include="Core\Actions.h">
      <Filter>Header Files</Filter>
    </ClInclude>
    <ClInclude Include="Core\HotkeyCombo.h">
      <Filter>Header Files</Filter>
    </ClInclude>
    <ClInclude Include="Core\AAData.h">
      <Filter>Header Files</Filter>
    </ClInclude>
    <ClInclude Include="Core\SpellInfo.h">
      <Filter>Header Files</Filter>
    </ClInclude>
    <ClInclude Include="Core\InventoryData.h">
      <Filter>Header Files</Filter>
    </ClInclude>
    <ClInclude Include="Modules\MyInventoryModule.h">
      <Filter>Header Files</Filter>
    </ClInclude>
    <ClInclude Include="Modules\BigBagModule.h">
      <Filter>Header Files</Filter>
    </ClInclude>
    <ClInclude Include="Modules\ITrackModule.h">
      <Filter>Header Files</Filter>
    </ClInclude>
    <ClInclude Include="Modules\ToolbarModule.h">
      <Filter>Header Files</Filter>
    </ClInclude>
    <ClInclude Include="Proto\myui.pb.h">
      <Filter>Header Files</Filter>
    </ClInclude>
  </ItemGroup>
  <ItemGroup>
    <ProtocolBuffer Include="Proto\myui.proto">
      <Filter>Source Files</Filter>
    </ProtocolBuffer>
  </ItemGroup>
  <ItemGroup>
    <ResourceCompile Include="MQMyUI.rc">
      <Filter>Resource Files</Filter>
    </ResourceCompile>
  </ItemGroup>
  <ItemGroup>
    <None Include="README.md" />
  </ItemGroup>
</Project>